
Microsoft Visual Studio Solution File, Format Version 12.00
# Visual Studio Version 17
VisualStudioVersion = 17.14.36518.9
MinimumVisualStudioVersion = 10.0.40219.1
Project("{FAE04EC0-301F-11D3-BF4B-00C04F79EFBC}") = "WebApplication1", "WebApplication1\WebApplication1.csproj", "{A22BD0F7-64D2-4104-B91F-EDAFCA3ABD0B}"
EndProject
Global
	GlobalSection(SolutionConfigurationPlatforms) = preSolution
		Debug|Any CPU = Debug|Any CPU
		Release|Any CPU = Release|Any CPU
	EndGlobalSection
	GlobalSection(ProjectConfigurationPlatforms) = postSolution
		{A22BD0F7-64D2-4104-B91F-EDAFCA3ABD0B}.Debug|Any CPU.ActiveCfg = Debug|Any CPU
		{A22BD0F7-64D2-4104-B91F-EDAFCA3ABD0B}.Debug|Any CPU.Build.0 = Debug|Any CPU
		{A22BD0F7-64D2-4104-B91F-EDAFCA3ABD0B}.Release|Any CPU.ActiveCfg = Release|Any CPU
		{A22BD0F7-64D2-4104-B91F-EDAFCA3ABD0B}.Release|Any CPU.Build.0 = Release|Any CPU
	EndGlobalSection
	GlobalSection(SolutionProperties) = preSolution
		HideSolutionNode = FALSE
	EndGlobalSection
	GlobalSection(ExtensibilityGlobals) = postSolution
		SolutionGuid = {3ADBBC2E-23B5-4452-BC16-18500ADFB952}
	EndGlobalSection
EndGlobal
